// !$*UTF8*$!
{
	archiveVersion = 1;
	classes = {
	};
	objectVersion = 77;
	objects = {

/* Begin PBXContainerItemProxy section */
		B779B35B2DBD78E800F61868 /* PBXContainerItemProxy */ = {
			isa = PBXContainerItemProxy;
			containerPortal = B779B3392DBD78E600F61868 /* Project object */;
			proxyType = 1;
			remoteGlobalIDString = B779B3402DBD78E600F61868;
			remoteInfo = RickAndMortyViewer;
		};
		B779B3652DBD78E800F61868 /* PBXContainerItemProxy */ = {
			isa = PBXContainerItemProxy;
			containerPortal = B779B3392DBD78E600F61868 /* Project object */;
			proxyType = 1;
			remoteGlobalIDString = B779B3402DBD78E600F61868;
			remoteInfo = RickAndMortyViewer;
		};
/* End PBXContainerItemProxy section */

/* Begin PBXFileReference section */
		B779B3412DBD78E600F61868 /* RickAndMortyViewer.app */ = {isa = PBXFileReference; explicitFileType = wrapper.application; includeInIndex = 0; path = RickAndMortyViewer.app; sourceTree = BUILT_PRODUCTS_DIR; };
		B779B35A2DBD78E800F61868 /* RickAndMortyViewerTests.xctest */ = {isa = PBXFileReference; explicitFileType = wrapper.cfbundle; includeInIndex = 0; path = RickAndMortyViewerTests.xctest; sourceTree = BUILT_PRODUCTS_DIR; };
		B779B3642DBD78E800F61868 /* RickAndMortyViewerUITests.xctest */ = {isa = PBXFileReference; explicitFileType = wrapper.cfbundle; includeInIndex = 0; path = RickAndMortyViewerUITests.xctest; sourceTree = BUILT_PRODUCTS_DIR; };
/* End PBXFileReference section */

/* Begin PBXFileSystemSynchronizedBuildFileExceptionSet section */
		B779B36C2DBD78E800F61868 /* Exceptions for "RickAndMortyViewer" folder in "RickAndMortyViewer" target */ = {
			isa = PBXFileSystemSynchronizedBuildFileExceptionSet;
			membershipExceptions = (
				Info.plist,
			);
			target = B779B3402DBD78E600F61868 /* RickAndMortyViewer */;
		};
/* End PBXFileSystemSynchronizedBuildFileExceptionSet section */

/* Begin PBXFileSystemSynchronizedRootGroup section */
		B779B3432DBD78E600F61868 /* RickAndMortyViewer */ = {
			isa = PBXFileSystemSynchronizedRootGroup;
			exceptions = (
				B779B36C2DBD78E800F61868 /* Exceptions for "RickAndMortyViewer" folder in "RickAndMortyViewer" target */,
			);
			path = RickAndMortyViewer;
			sourceTree = "<group>";
		};
		B779B35D2DBD78E800F61868 /* RickAndMortyViewerTests */ = {
			isa = PBXFileSystemSynchronizedRootGroup;
			path = RickAndMortyViewerTests;
			sourceTree = "<group>";
		};
		B779B3672DBD78E800F61868 /* RickAndMortyViewerUITests */ = {
			isa = PBXFileSystemSynchronizedRootGroup;
			path = RickAndMortyViewerUITests;
			sourceTree = "<group>";
		};
/* End PBXFileSystemSynchronizedRootGroup section */

/* Begin PBXFrameworksBuildPhase section */
		B779B33E2DBD78E600F61868 /* Frameworks */ = {
			isa = PBXFrameworksBuildPhase;
			buildActionMask = 2147483647;
			files = (
			);
			runOnlyForDeploymentPostprocessing = 0;
		};
		B779B3572DBD78E800F61868 /* Frameworks */ = {
			isa = PBXFrameworksBuildPhase;
			buildActionMask = 2147483647;
			files = (
			);
			runOnlyForDeploymentPostprocessing = 0;
		};
		B779B3612DBD78E800F61868 /* Frameworks */ = {
			isa = PBXFrameworksBuildPhase;
			buildActionMask = 2147483647;
			files = (
			);
			runOnlyForDeploymentPostprocessing = 0;
		};
/* End PBXFrameworksBuildPhase section */

/* Begin PBXGroup section */
		B779B3382DBD78E600F61868 = {
			isa = PBXGroup;
			children = (
				B779B3432DBD78E600F61868 /* RickAndMortyViewer */,
				B779B35D2DBD78E800F61868 /* RickAndMortyViewerTests */,
				B779B3672DBD78E800F61868 /* RickAndMortyViewerUITests */,
				B779B3422DBD78E600F61868 /* Products */,
			);
			sourceTree = "<group>";
		};
		B779B3422DBD78E600F61868 /* Products */ = {
			isa = PBXGroup;
			children = (
				B779B3412DBD78E600F61868 /* RickAndMortyViewer.app */,
				B779B35A2DBD78E800F61868 /* RickAndMortyViewerTests.xctest */,
				B779B3642DBD78E800F61868 /* RickAndMortyViewerUITests.xctest */,
			);
			name = Products;
			sourceTree = "<group>";
		};
/* End PBXGroup section */

/* Begin PBXNativeTarget section */
		B779B3402DBD78E600F61868 /* RickAndMortyViewer */ = {
			isa = PBXNativeTarget;
			buildConfigurationList = B779B36D2DBD78E800F61868 /* Build configuration list for PBXNativeTarget "RickAndMortyViewer" */;
			buildPhases = (
				B779B33D2DBD78E600F61868 /* Sources */,
				B779B33E2DBD78E600F61868 /* Frameworks */,
				B779B33F2DBD78E600F61868 /* Resources */,
			);
			buildRules = (
			);
			dependencies = (
			);
			fileSystemSynchronizedGroups = (
				B779B3432DBD78E600F61868 /* RickAndMortyViewer */,
			);
			name = RickAndMortyViewer;
			packageProductDependencies = (
			);
			productName = RickAndMortyViewer;
			productReference = B779B3412DBD78E600F61868 /* RickAndMortyViewer.app */;
			productType = "com.apple.product-type.application";
		};
		B779B3592DBD78E800F61868 /* RickAndMortyViewerTests */ = {
			isa = PBXNativeTarget;
			buildConfigurationList = B779B3722DBD78E800F61868 /* Build configuration list for PBXNativeTarget "RickAndMortyViewerTests" */;
			buildPhases = (
				B779B3562DBD78E800F61868 /* Sources */,
				B779B3572DBD78E800F61868 /* Frameworks */,
				B779B3582DBD78E800F61868 /* Resources */,
			);
			buildRules = (
			);
			dependencies = (
				B779B35C2DBD78E800F61868 /* PBXTargetDependency */,
			);
			fileSystemSynchronizedGroups = (
				B779B35D2DBD78E800F61868 /* RickAndMortyViewerTests */,
			);
			name = RickAndMortyViewerTests;
			packageProductDependencies = (
			);
			productName = RickAndMortyViewerTests;
			productReference = B779B35A2DBD78E800F61868 /* RickAndMortyViewerTests.xctest */;
			productType = "com.apple.product-type.bundle.unit-test";
		};
		B779B3632DBD78E800F61868 /* RickAndMortyViewerUITests */ = {
			isa = PBXNativeTarget;
			buildConfigurationList = B779B3752DBD78E800F61868 /* Build configuration list for PBXNativeTarget "RickAndMortyViewerUITests" */;
			buildPhases = (
				B779B3602DBD78E800F61868 /* Sources */,
				B779B3612DBD78E800F61868 /* Frameworks */,
				B779B3622DBD78E800F61868 /* Resources */,
			);
			buildRules = (
			);
			dependencies = (
				B779B3662DBD78E800F61868 /* PBXTargetDependency */,
			);
			fileSystemSynchronizedGroups = (
				B779B3672DBD78E800F61868 /* RickAndMortyViewerUITests */,
			);
			name = RickAndMortyViewerUITests;
			packageProductDependencies = (
			);
			productName = RickAndMortyViewerUITests;
			productReference = B779B3642DBD78E800F61868 /* RickAndMortyViewerUITests.xctest */;
			productType = "com.apple.product-type.bundle.ui-testing";
		};
/* End PBXNativeTarget section */

/* Begin PBXProject section */
		B779B3392DBD78E600F61868 /* Project object */ = {
			isa = PBXProject;
			attributes = {
				BuildIndependentTargetsInParallel = 1;
				LastSwiftUpdateCheck = 1620;
				LastUpgradeCheck = 1620;
				TargetAttributes = {
					B779B3402DBD78E600F61868 = {
						CreatedOnToolsVersion = 16.2;
					};
					B779B3592DBD78E800F61868 = {
						CreatedOnToolsVersion = 16.2;
						TestTargetID = B779B3402DBD78E600F61868;
					};
					B779B3632DBD78E800F61868 = {
						CreatedOnToolsVersion = 16.2;
						TestTargetID = B779B3402DBD78E600F61868;
					};
				};
			};
			buildConfigurationList = B779B33C2DBD78E600F61868 /* Build configuration list for PBXProject "RickAndMortyViewer" */;
			developmentRegion = en;
			hasScannedForEncodings = 0;
			knownRegions = (
				en,
				Base,
			);
			mainGroup = B779B3382DBD78E600F61868;
			minimizedProjectReferenceProxies = 1;
			preferredProjectObjectVersion = 77;
			productRefGroup = B779B3422DBD78E600F61868 /* Products */;
			projectDirPath = "";
			projectRoot = "";
			targets = (
				B779B3402DBD78E600F61868 /* RickAndMortyViewer */,
				B779B3592DBD78E800F61868 /* RickAndMortyViewerTests */,
				B779B3632DBD78E800F61868 /* RickAndMortyViewerUITests */,
			);
		};
/* End PBXProject section */

/* Begin PBXResourcesBuildPhase section */
		B779B33F2DBD78E600F61868 /* Resources */ = {
			isa = PBXResourcesBuildPhase;
			buildActionMask = 2147483647;
			files = (
			);
			runOnlyForDeploymentPostprocessing = 0;
		};
		B779B3582DBD78E800F61868 /* Resources */ = {
			isa = PBXResourcesBuildPhase;
			buildActionMask = 2147483647;
			files = (
			);
			runOnlyForDeploymentPostprocessing = 0;
		};
		B779B3622DBD78E800F61868 /* Resources */ = {
			isa = PBXResourcesBuildPhase;
			buildActionMask = 2147483647;
			files = (
			);
			runOnlyForDeploymentPostprocessing = 0;
		};
/* End PBXResourcesBuildPhase section */

/* Begin PBXSourcesBuildPhase section */
		B779B33D2DBD78E600F61868 /* Sources */ = {
			isa = PBXSourcesBuildPhase;
			buildActionMask = 2147483647;
			files = (
			);
			runOnlyForDeploymentPostprocessing = 0;
		};
		B779B3562DBD78E800F61868 /* Sources */ = {
			isa = PBXSourcesBuildPhase;
			buildActionMask = 2147483647;
			files = (
			);
			runOnlyForDeploymentPostprocessing = 0;
		};
		B779B3602DBD78E800F61868 /* Sources */ = {
			isa = PBXSourcesBuildPhase;
			buildActionMask = 2147483647;
			files = (
			);
			runOnlyForDeploymentPostprocessing = 0;
		};
/* End PBXSourcesBuildPhase section */

/* Begin PBXTargetDependency section */
		B779B35C2DBD78E800F61868 /* PBXTargetDependency */ = {
			isa = PBXTargetDependency;
			target = B779B3402DBD78E600F61868 /* RickAndMortyViewer */;
			targetProxy = B779B35B2DBD78E800F61868 /* PBXContainerItemProxy */;
		};
		B779B3662DBD78E800F61868 /* PBXTargetDependency */ = {
			isa = PBXTargetDependency;
			target = B779B3402DBD78E600F61868 /* RickAndMortyViewer */;
			targetProxy = B779B3652DBD78E800F61868 /* PBXContainerItemProxy */;
		};
/* End PBXTargetDependency section */

/* Begin XCBuildConfiguration section */
		B779B36E2DBD78E800F61868 /* Debug */ = {
			isa = XCBuildConfiguration;
			buildSettings = {
				ASSETCATALOG_COMPILER_APPICON_NAME = AppIcon;
				ASSETCATALOG_COMPILER_GLOBAL_ACCENT_COLOR_NAME = AccentColor;
				CODE_SIGN_STYLE = Automatic;
				CURRENT_PROJECT_VERSION = 1;
				DEVELOPMENT_TEAM = 6X8BZ2N7SR;
				GENERATE_INFOPLIST_FILE = YES;
				INFOPLIST_FILE = RickAndMortyViewer/Info.plist;
				INFOPLIST_KEY_CFBundleDisplayName = RickAndMorty;
				INFOPLIST_KEY_LSApplicationCategoryType = "public.app-category.entertainment";
				INFOPLIST_KEY_UIApplicationSupportsIndirectInputEvents = YES;
				INFOPLIST_KEY_UILaunchStoryboardName = LaunchScreen;
				INFOPLIST_KEY_UISupportedInterfaceOrientations_iPad = "UIInterfaceOrientationPortrait UIInterfaceOrientationPortraitUpsideDown UIInterfaceOrientationLandscapeLeft UIInterfaceOrientationLandscapeRight";
				INFOPLIST_KEY_UISupportedInterfaceOrientations_iPhone = "UIInterfaceOrientationPortrait UIInterfaceOrientationLandscapeLeft UIInterfaceOrientationLandscapeRight";
				IPHONEOS_DEPLOYMENT_TARGET = 15.6;
				LD_RUNPATH_SEARCH_PATHS = (
					"$(inherited)",
					"@executable_path/Frameworks",
				);
				MARKETING_VERSION = 1.0;
				PRODUCT_BUNDLE_IDENTIFIER = com.andriidev.RickAndMortyViewer;
				PRODUCT_NAME = "$(TARGET_NAME)";
				SWIFT_EMIT_LOC_STRINGS = YES;
				SWIFT_VERSION = 5.0;
				TARGETED_DEVICE_FAMILY = "1,2";
			};
			name = Debug;
		};
		B779B36F2DBD78E800F61868 /* Release */ = {
			isa = XCBuildConfiguration;
			buildSettings = {
				ASSETCATALOG_COMPILER_APPICON_NAME = AppIcon;
				ASSETCATALOG_COMPILER_GLOBAL_ACCENT_COLOR_NAME = AccentColor;
				CODE_SIGN_STYLE = Automatic;
				CURRENT_PROJECT_VERSION = 1;
				DEVELOPMENT_TEAM = 6X8BZ2N7SR;
				GENERATE_INFOPLIST_FILE = YES;
				INFOPLIST_FILE = RickAndMortyViewer/Info.plist;
				INFOPLIST_KEY_CFBundleDisplayName = RickAndMorty;
				INFOPLIST_KEY_LSApplicationCategoryType = "public.app-category.entertainment";
				INFOPLIST_KEY_UIApplicationSupportsIndirectInputEvents = YES;
				INFOPLIST_KEY_UILaunchStoryboardName = LaunchScreen;
				INFOPLIST_KEY_UISupportedInterfaceOrientations_iPad = "UIInterfaceOrientationPortrait UIInterfaceOrientationPortraitUpsideDown UIInterfaceOrientationLandscapeLeft UIInterfaceOrientationLandscapeRight";
				INFOPLIST_KEY_UISupportedInterfaceOrientations_iPhone = "UIInterfaceOrientationPortrait UIInterfaceOrientationLandscapeLeft UIInterfaceOrientationLandscapeRight";
				IPHONEOS_DEPLOYMENT_TARGET = 15.6;
				LD_RUNPATH_SEARCH_PATHS = (
					"$(inherited)",
					"@executable_path/Frameworks",
				);
				MARKETING_VERSION = 1.0;
				PRODUCT_BUNDLE_IDENTIFIER = com.andriidev.RickAndMortyViewer;
				PRODUCT_NAME = "$(TARGET_NAME)";
				SWIFT_EMIT_LOC_STRINGS = YES;
				SWIFT_VERSION = 5.0;
				TARGETED_DEVICE_FAMILY = "1,2";
			};
			name = Release;
		};
		B779B3702DBD78E800F61868 /* Debug */ = {
			isa = XCBuildConfiguration;
			buildSettings = {
				ALWAYS_SEARCH_USER_PATHS = NO;
				ASSETCATALOG_COMPILER_GENERATE_SWIFT_ASSET_SYMBOL_EXTENSIONS = YES;
				CLANG_ANALYZER_NONNULL = YES;
				CLANG_ANALYZER_NUMBER_OBJECT_CONVERSION = YES_AGGRESSIVE;
				CLANG_CXX_LANGUAGE_STANDARD = "gnu++20";
				CLANG_ENABLE_MODULES = YES;
				CLANG_ENABLE_OBJC_ARC = YES;
				CLANG_ENABLE_OBJC_WEAK = YES;
				CLANG_WARN_BLOCK_CAPTURE_AUTORELEASING = YES;
				CLANG_WARN_BOOL_CONVERSION = YES;
				CLANG_WARN_COMMA = YES;
				CLANG_WARN_CONSTANT_CONVERSION = YES;
				CLANG_WARN_DEPRECATED_OBJC_IMPLEMENTATIONS = YES;
				CLANG_WARN_DIRECT_OBJC_ISA_USAGE = YES_ERROR;
				CLANG_WARN_DOCUMENTATION_COMMENTS = YES;
				CLANG_WARN_EMPTY_BODY = YES;
				CLANG_WARN_ENUM_CONVERSION = YES;
				CLANG_WARN_INFINITE_RECURSION = YES;
				CLANG_WARN_INT_CONVERSION = YES;
				CLANG_WARN_NON_LITERAL_NULL_CONVERSION = YES;
				CLANG_WARN_OBJC_IMPLICIT_RETAIN_SELF = YES;
				CLANG_WARN_OBJC_LITERAL_CONVERSION = YES;
				CLANG_WARN_OBJC_ROOT_CLASS = YES_ERROR;
				CLANG_WARN_QUOTED_INCLUDE_IN_FRAMEWORK_HEADER = YES;
				CLANG_WARN_RANGE_LOOP_ANALYSIS = YES;
				CLANG_WARN_STRICT_PROTOTYPES = YES;
				CLANG_WARN_SUSPICIOUS_MOVE = YES;
				CLANG_WARN_UNGUARDED_AVAILABILITY = YES_AGGRESSIVE;
				CLANG_WARN_UNREACHABLE_CODE = YES;
				CLANG_WARN__DUPLICATE_METHOD_MATCH = YES;
				COPY_PHASE_STRIP = NO;
				DEBUG_INFORMATION_FORMAT = dwarf;
				ENABLE_STRICT_OBJC_MSGSEND = YES;
				ENABLE_TESTABILITY = YES;
				ENABLE_USER_SCRIPT_SANDBOXING = YES;
				GCC_C_LANGUAGE_STANDARD = gnu17;
				GCC_DYNAMIC_NO_PIC = NO;
				GCC_NO_COMMON_BLOCKS = YES;
				GCC_OPTIMIZATION_LEVEL = 0;
				GCC_PREPROCESSOR_DEFINITIONS = (
					"DEBUG=1",
					"$(inherited)",
				);
				GCC_WARN_64_TO_32_BIT_CONVERSION = YES;
				GCC_WARN_ABOUT_RETURN_TYPE = YES_ERROR;
				GCC_WARN_UNDECLARED_SELECTOR = YES;
				GCC_WARN_UNINITIALIZED_AUTOS = YES_AGGRESSIVE;
				GCC_WARN_UNUSED_FUNCTION = YES;
				GCC_WARN_UNUSED_VARIABLE = YES;
				IPHONEOS_DEPLOYMENT_TARGET = 18.2;
				LOCALIZATION_PREFERS_STRING_CATALOGS = YES;
				MTL_ENABLE_DEBUG_INFO = INCLUDE_SOURCE;
				MTL_FAST_MATH = YES;
				ONLY_ACTIVE_ARCH = YES;
				SDKROOT = iphoneos;
				SWIFT_ACTIVE_COMPILATION_CONDITIONS = "DEBUG $(inherited)";
				SWIFT_OPTIMIZATION_LEVEL = "-Onone";
			};
			name = Debug;
		};
		B779B3712DBD78E800F61868 /* Release */ = {
			isa = XCBuildConfiguration;
			buildSettings = {
				ALWAYS_SEARCH_USER_PATHS = NO;
				ASSETCATALOG_COMPILER_GENERATE_SWIFT_ASSET_SYMBOL_EXTENSIONS = YES;
				CLANG_ANALYZER_NONNULL = YES;
				CLANG_ANALYZER_NUMBER_OBJECT_CONVERSION = YES_AGGRESSIVE;
				CLANG_CXX_LANGUAGE_STANDARD = "gnu++20";
				CLANG_ENABLE_MODULES = YES;
				CLANG_ENABLE_OBJC_ARC = YES;
				CLANG_ENABLE_OBJC_WEAK = YES;
				CLANG_WARN_BLOCK_CAPTURE_AUTORELEASING = YES;
				CLANG_WARN_BOOL_CONVERSION = YES;
				CLANG_WARN_COMMA = YES;
				CLANG_WARN_CONSTANT_CONVERSION = YES;
				CLANG_WARN_DEPRECATED_OBJC_IMPLEMENTATIONS = YES;
				CLANG_WARN_DIRECT_OBJC_ISA_USAGE = YES_ERROR;
				CLANG_WARN_DOCUMENTATION_COMMENTS = YES;
				CLANG_WARN_EMPTY_BODY = YES;
				CLANG_WARN_ENUM_CONVERSION = YES;
				CLANG_WARN_INFINITE_RECURSION = YES;
				CLANG_WARN_INT_CONVERSION = YES;
				CLANG_WARN_NON_LITERAL_NULL_CONVERSION = YES;
				CLANG_WARN_OBJC_IMPLICIT_RETAIN_SELF = YES;
				CLANG_WARN_OBJC_LITERAL_CONVERSION = YES;
				CLANG_WARN_OBJC_ROOT_CLASS = YES_ERROR;
				CLANG_WARN_QUOTED_INCLUDE_IN_FRAMEWORK_HEADER = YES;
				CLANG_WARN_RANGE_LOOP_ANALYSIS = YES;
				CLANG_WARN_STRICT_PROTOTYPES = YES;
				CLANG_WARN_SUSPICIOUS_MOVE = YES;
				CLANG_WARN_UNGUARDED_AVAILABILITY = YES_AGGRESSIVE;
				CLANG_WARN_UNREACHABLE_CODE = YES;
				CLANG_WARN__DUPLICATE_METHOD_MATCH = YES;
				COPY_PHASE_STRIP = NO;
				DEBUG_INFORMATION_FORMAT = "dwarf-with-dsym";
				ENABLE_NS_ASSERTIONS = NO;
				ENABLE_STRICT_OBJC_MSGSEND = YES;
				ENABLE_USER_SCRIPT_SANDBOXING = YES;
				GCC_C_LANGUAGE_STANDARD = gnu17;
				GCC_NO_COMMON_BLOCKS = YES;
				GCC_WARN_64_TO_32_BIT_CONVERSION = YES;
				GCC_WARN_ABOUT_RETURN_TYPE = YES_ERROR;
				GCC_WARN_UNDECLARED_SELECTOR = YES;
				GCC_WARN_UNINITIALIZED_AUTOS = YES_AGGRESSIVE;
				GCC_WARN_UNUSED_FUNCTION = YES;
				GCC_WARN_UNUSED_VARIABLE = YES;
				IPHONEOS_DEPLOYMENT_TARGET = 18.2;
				LOCALIZATION_PREFERS_STRING_CATALOGS = YES;
				MTL_ENABLE_DEBUG_INFO = NO;
				MTL_FAST_MATH = YES;
				SDKROOT = iphoneos;
				SWIFT_COMPILATION_MODE = wholemodule;
				VALIDATE_PRODUCT = YES;
			};
			name = Release;
		};
		B779B3732DBD78E800F61868 /* Debug */ = {
			isa = XCBuildConfiguration;
			buildSettings = {
				BUNDLE_LOADER = "$(TEST_HOST)";
				CODE_SIGN_STYLE = Automatic;
				CURRENT_PROJECT_VERSION = 1;
				DEVELOPMENT_TEAM = 6X8BZ2N7SR;
				GENERATE_INFOPLIST_FILE = YES;
				IPHONEOS_DEPLOYMENT_TARGET = 18.2;
				MARKETING_VERSION = 1.0;
				PRODUCT_BUNDLE_IDENTIFIER = com.andriidev.RickAndMortyViewerTests;
				PRODUCT_NAME = "$(TARGET_NAME)";
				SWIFT_EMIT_LOC_STRINGS = NO;
				SWIFT_VERSION = 5.0;
				TARGETED_DEVICE_FAMILY = "1,2";
				TEST_HOST = "$(BUILT_PRODUCTS_DIR)/RickAndMortyViewer.app/$(BUNDLE_EXECUTABLE_FOLDER_PATH)/RickAndMortyViewer";
			};
			name = Debug;
		};
		B779B3742DBD78E800F61868 /* Release */ = {
			isa = XCBuildConfiguration;
			buildSettings = {
				BUNDLE_LOADER = "$(TEST_HOST)";
				CODE_SIGN_STYLE = Automatic;
				CURRENT_PROJECT_VERSION = 1;
				DEVELOPMENT_TEAM = 6X8BZ2N7SR;
				GENERATE_INFOPLIST_FILE = YES;
				IPHONEOS_DEPLOYMENT_TARGET = 18.2;
				MARKETING_VERSION = 1.0;
				PRODUCT_BUNDLE_IDENTIFIER = com.andriidev.RickAndMortyViewerTests;
				PRODUCT_NAME = "$(TARGET_NAME)";
				SWIFT_EMIT_LOC_STRINGS = NO;
				SWIFT_VERSION = 5.0;
				TARGETED_DEVICE_FAMILY = "1,2";
				TEST_HOST = "$(BUILT_PRODUCTS_DIR)/RickAndMortyViewer.app/$(BUNDLE_EXECUTABLE_FOLDER_PATH)/RickAndMortyViewer";
			};
			name = Release;
		};
		B779B3762DBD78E800F61868 /* Debug */ = {
			isa = XCBuildConfiguration;
			buildSettings = {
				CODE_SIGN_STYLE = Automatic;
				CURRENT_PROJECT_VERSION = 1;
				DEVELOPMENT_TEAM = 6X8BZ2N7SR;
				GENERATE_INFOPLIST_FILE = YES;
				MARKETING_VERSION = 1.0;
				PRODUCT_BUNDLE_IDENTIFIER = com.andriidev.RickAndMortyViewerUITests;
				PRODUCT_NAME = "$(TARGET_NAME)";
				SWIFT_EMIT_LOC_STRINGS = NO;
				SWIFT_VERSION = 5.0;
				TARGETED_DEVICE_FAMILY = "1,2";
				TEST_TARGET_NAME = RickAndMortyViewer;
			};
			name = Debug;
		};
		B779B3772DBD78E800F61868 /* Release */ = {
			isa = XCBuildConfiguration;
			buildSettings = {
				CODE_SIGN_STYLE = Automatic;
				CURRENT_PROJECT_VERSION = 1;
				DEVELOPMENT_TEAM = 6X8BZ2N7SR;
				GENERATE_INFOPLIST_FILE = YES;
				MARKETING_VERSION = 1.0;
				PRODUCT_BUNDLE_IDENTIFIER = com.andriidev.RickAndMortyViewerUITests;
				PRODUCT_NAME = "$(TARGET_NAME)";
				SWIFT_EMIT_LOC_STRINGS = NO;
				SWIFT_VERSION = 5.0;
				TARGETED_DEVICE_FAMILY = "1,2";
				TEST_TARGET_NAME = RickAndMortyViewer;
			};
			name = Release;
		};
/* End XCBuildConfiguration section */

/* Begin XCConfigurationList section */
		B779B33C2DBD78E600F61868 /* Build configuration list for PBXProject "RickAndMortyViewer" */ = {
			isa = XCConfigurationList;
			buildConfigurations = (
				B779B3702DBD78E800F61868 /* Debug */,
				B779B3712DBD78E800F61868 /* Release */,
			);
			defaultConfigurationIsVisible = 0;
			defaultConfigurationName = Release;
		};
		B779B36D2DBD78E800F61868 /* Build configuration list for PBXNativeTarget "RickAndMortyViewer" */ = {
			isa = XCConfigurationList;
			buildConfigurations = (
				B779B36E2DBD78E800F61868 /* Debug */,
				B779B36F2DBD78E800F61868 /* Release */,
			);
			defaultConfigurationIsVisible = 0;
			defaultConfigurationName = Release;
		};
		B779B3722DBD78E800F61868 /* Build configuration list for PBXNativeTarget "RickAndMortyViewerTests" */ = {
			isa = XCConfigurationList;
			buildConfigurations = (
				B779B3732DBD78E800F61868 /* Debug */,
				B779B3742DBD78E800F61868 /* Release */,
			);
			defaultConfigurationIsVisible = 0;
			defaultConfigurationName = Release;
		};
		B779B3752DBD78E800F61868 /* Build configuration list for PBXNativeTarget "RickAndMortyViewerUITests" */ = {
			isa = XCConfigurationList;
			buildConfigurations = (
				B779B3762DBD78E800F61868 /* Debug */,
				B779B3772DBD78E800F61868 /* Release */,
			);
			defaultConfigurationIsVisible = 0;
			defaultConfigurationName = Release;
		};
/* End XCConfigurationList section */
	};
	rootObject = B779B3392DBD78E600F61868 /* Project object */;
}
